
Microsoft Visual Studio Solution File, Format Version 12.00
# Visual Studio Version 17
VisualStudioVersion = 17.13.35919.96
MinimumVisualStudioVersion = 10.0.40219.1
Project("{2150E333-8FDC-42A3-9474-1A3956D46DE8}") = "Cart", "Cart", "{AFFA0CE8-9C67-412F-B67B-23A01CDECAD3}"
EndProject
Project("{2150E333-8FDC-42A3-9474-1A3956D46DE8}") = "Product", "Product", "{6F59C3FE-0B51-47A8-8032-CCD4F203938C}"
EndProject
Project("{FAE04EC0-301F-11D3-BF4B-00C04F79EFBC}") = "Cart.Api", "Cart.Api\Cart.Api.csproj", "{62585BAD-48A8-4F4E-B2FD-EA57737A2808}"
EndProject
Project("{FAE04EC0-301F-11D3-BF4B-00C04F79EFBC}") = "Product.Api", "Product.Api\Product.Api.csproj", "{28096968-114A-438F-A8B3-F0B6835B3940}"
EndProject
Project("{FAE04EC0-301F-11D3-BF4B-00C04F79EFBC}") = "Gateway", "Gateway\Gateway.csproj", "{2BE33563-D60B-4A82-A43C-F9C42655F19F}"
EndProject
Project("{E53339B2-1760-4266-BCC7-CA923CBCF16C}") = "docker-compose", "docker-compose.dcproj", "{81DDED9D-158B-E303-5F62-77A2896D2A5A}"
EndProject
Project("{FAE04EC0-301F-11D3-BF4B-00C04F79EFBC}") = "Product.Application", "..\Product.Application\Product.Application.csproj", "{9EF17A01-8D7A-47E3-B219-8429E6BCFD1E}"
EndProject
Project("{FAE04EC0-301F-11D3-BF4B-00C04F79EFBC}") = "Product.Infrastructure", "..\Product.Infrastructure\Product.Infrastructure.csproj", "{B5C92B9F-0BBC-496A-8701-7A5F69015313}"
EndProject
Project("{FAE04EC0-301F-11D3-BF4B-00C04F79EFBC}") = "Product.Domain", "..\Product.Domain\Product.Domain.csproj", "{0A256EFD-4904-43AE-A006-EE60A64E4D02}"
EndProject
Project("{FAE04EC0-301F-11D3-BF4B-00C04F79EFBC}") = "Cart.Application", "..\Cart.Application\Cart.Application.csproj", "{0DD5F7E7-1FD2-41C5-9619-A628D98A21E3}"
EndProject
Project("{FAE04EC0-301F-11D3-BF4B-00C04F79EFBC}") = "Cart.Infrastructure", "..\Cart.Infrastructure\Cart.Infrastructure.csproj", "{701E4820-B52D-4CED-BA11-B4F030C82799}"
EndProject
Project("{FAE04EC0-301F-11D3-BF4B-00C04F79EFBC}") = "Cart.Domain", "..\Cart.Domain\Cart.Domain.csproj", "{B8E97E2B-BB61-4BD9-88DC-1325057F86C0}"
EndProject
Global
	GlobalSection(SolutionConfigurationPlatforms) = preSolution
		Debug|Any CPU = Debug|Any CPU
		Release|Any CPU = Release|Any CPU
	EndGlobalSection
	GlobalSection(ProjectConfigurationPlatforms) = postSolution
		{62585BAD-48A8-4F4E-B2FD-EA57737A2808}.Debug|Any CPU.ActiveCfg = Debug|Any CPU
		{62585BAD-48A8-4F4E-B2FD-EA57737A2808}.Debug|Any CPU.Build.0 = Debug|Any CPU
		{62585BAD-48A8-4F4E-B2FD-EA57737A2808}.Release|Any CPU.ActiveCfg = Release|Any CPU
		{62585BAD-48A8-4F4E-B2FD-EA57737A2808}.Release|Any CPU.Build.0 = Release|Any CPU
		{28096968-114A-438F-A8B3-F0B6835B3940}.Debug|Any CPU.ActiveCfg = Debug|Any CPU
		{28096968-114A-438F-A8B3-F0B6835B3940}.Debug|Any CPU.Build.0 = Debug|Any CPU
		{28096968-114A-438F-A8B3-F0B6835B3940}.Release|Any CPU.ActiveCfg = Release|Any CPU
		{28096968-114A-438F-A8B3-F0B6835B3940}.Release|Any CPU.Build.0 = Release|Any CPU
		{2BE33563-D60B-4A82-A43C-F9C42655F19F}.Debug|Any CPU.ActiveCfg = Debug|Any CPU
		{2BE33563-D60B-4A82-A43C-F9C42655F19F}.Debug|Any CPU.Build.0 = Debug|Any CPU
		{2BE33563-D60B-4A82-A43C-F9C42655F19F}.Release|Any CPU.ActiveCfg = Release|Any CPU
		{2BE33563-D60B-4A82-A43C-F9C42655F19F}.Release|Any CPU.Build.0 = Release|Any CPU
		{81DDED9D-158B-E303-5F62-77A2896D2A5A}.Debug|Any CPU.ActiveCfg = Debug|Any CPU
		{81DDED9D-158B-E303-5F62-77A2896D2A5A}.Debug|Any CPU.Build.0 = Debug|Any CPU
		{81DDED9D-158B-E303-5F62-77A2896D2A5A}.Release|Any CPU.ActiveCfg = Release|Any CPU
		{81DDED9D-158B-E303-5F62-77A2896D2A5A}.Release|Any CPU.Build.0 = Release|Any CPU
		{9EF17A01-8D7A-47E3-B219-8429E6BCFD1E}.Debug|Any CPU.ActiveCfg = Debug|Any CPU
		{9EF17A01-8D7A-47E3-B219-8429E6BCFD1E}.Debug|Any CPU.Build.0 = Debug|Any CPU
		{9EF17A01-8D7A-47E3-B219-8429E6BCFD1E}.Release|Any CPU.ActiveCfg = Release|Any CPU
		{9EF17A01-8D7A-47E3-B219-8429E6BCFD1E}.Release|Any CPU.Build.0 = Release|Any CPU
		{B5C92B9F-0BBC-496A-8701-7A5F69015313}.Debug|Any CPU.ActiveCfg = Debug|Any CPU
		{B5C92B9F-0BBC-496A-8701-7A5F69015313}.Debug|Any CPU.Build.0 = Debug|Any CPU
		{B5C92B9F-0BBC-496A-8701-7A5F69015313}.Release|Any CPU.ActiveCfg = Release|Any CPU
		{B5C92B9F-0BBC-496A-8701-7A5F69015313}.Release|Any CPU.Build.0 = Release|Any CPU
		{0A256EFD-4904-43AE-A006-EE60A64E4D02}.Debug|Any CPU.ActiveCfg = Debug|Any CPU
		{0A256EFD-4904-43AE-A006-EE60A64E4D02}.Debug|Any CPU.Build.0 = Debug|Any CPU
		{0A256EFD-4904-43AE-A006-EE60A64E4D02}.Release|Any CPU.ActiveCfg = Release|Any CPU
		{0A256EFD-4904-43AE-A006-EE60A64E4D02}.Release|Any CPU.Build.0 = Release|Any CPU
		{0DD5F7E7-1FD2-41C5-9619-A628D98A21E3}.Debug|Any CPU.ActiveCfg = Debug|Any CPU
		{0DD5F7E7-1FD2-41C5-9619-A628D98A21E3}.Debug|Any CPU.Build.0 = Debug|Any CPU
		{0DD5F7E7-1FD2-41C5-9619-A628D98A21E3}.Release|Any CPU.ActiveCfg = Release|Any CPU
		{0DD5F7E7-1FD2-41C5-9619-A628D98A21E3}.Release|Any CPU.Build.0 = Release|Any CPU
		{701E4820-B52D-4CED-BA11-B4F030C82799}.Debug|Any CPU.ActiveCfg = Debug|Any CPU
		{701E4820-B52D-4CED-BA11-B4F030C82799}.Debug|Any CPU.Build.0 = Debug|Any CPU
		{701E4820-B52D-4CED-BA11-B4F030C82799}.Release|Any CPU.ActiveCfg = Release|Any CPU
		{701E4820-B52D-4CED-BA11-B4F030C82799}.Release|Any CPU.Build.0 = Release|Any CPU
		{B8E97E2B-BB61-4BD9-88DC-1325057F86C0}.Debug|Any CPU.ActiveCfg = Debug|Any CPU
		{B8E97E2B-BB61-4BD9-88DC-1325057F86C0}.Debug|Any CPU.Build.0 = Debug|Any CPU
		{B8E97E2B-BB61-4BD9-88DC-1325057F86C0}.Release|Any CPU.ActiveCfg = Release|Any CPU
		{B8E97E2B-BB61-4BD9-88DC-1325057F86C0}.Release|Any CPU.Build.0 = Release|Any CPU
	EndGlobalSection
	GlobalSection(SolutionProperties) = preSolution
		HideSolutionNode = FALSE
	EndGlobalSection
	GlobalSection(NestedProjects) = preSolution
		{62585BAD-48A8-4F4E-B2FD-EA57737A2808} = {AFFA0CE8-9C67-412F-B67B-23A01CDECAD3}
		{28096968-114A-438F-A8B3-F0B6835B3940} = {6F59C3FE-0B51-47A8-8032-CCD4F203938C}
		{9EF17A01-8D7A-47E3-B219-8429E6BCFD1E} = {6F59C3FE-0B51-47A8-8032-CCD4F203938C}
		{B5C92B9F-0BBC-496A-8701-7A5F69015313} = {6F59C3FE-0B51-47A8-8032-CCD4F203938C}
		{0A256EFD-4904-43AE-A006-EE60A64E4D02} = {6F59C3FE-0B51-47A8-8032-CCD4F203938C}
		{0DD5F7E7-1FD2-41C5-9619-A628D98A21E3} = {AFFA0CE8-9C67-412F-B67B-23A01CDECAD3}
		{701E4820-B52D-4CED-BA11-B4F030C82799} = {AFFA0CE8-9C67-412F-B67B-23A01CDECAD3}
		{B8E97E2B-BB61-4BD9-88DC-1325057F86C0} = {AFFA0CE8-9C67-412F-B67B-23A01CDECAD3}
	EndGlobalSection
	GlobalSection(ExtensibilityGlobals) = postSolution
		SolutionGuid = {333FBFEA-0C34-4DFE-BAC5-8A5C32B3430D}
	EndGlobalSection
EndGlobal
